
Microsoft Visual Studio Solution File, Format Version 12.00
# Visual Studio Version 17
VisualStudioVersion = 17.3.32525.90
MinimumVisualStudioVersion = 10.0.40219.1
Project("{FAE04EC0-301F-11D3-BF4B-00C04F79EFBC}") = "WebP.Touch", "WebP.Touch\WebP.Touch.csproj", "{E8CFC707-7A4D-4C0E-9B33-19C1FCF3F773}"
EndProject
Project("{FAE04EC0-301F-11D3-BF4B-00C04F79EFBC}") = "Demo", "Demo\Demo.csproj", "{46277AF2-499E-4F14-9831-FBBFFA2B513C}"
EndProject
Project("{FAE04EC0-301F-11D3-BF4B-00C04F79EFBC}") = "WebP.Mac", "..\WebP.Mac\WebP.Mac\WebP.Mac.csproj", "{F014F861-B368-40C3-B97E-D54FC8F4A2BB}"
EndProject
Project("{FAE04EC0-301F-11D3-BF4B-00C04F79EFBC}") = "Demo.Mac", "..\WebP.Mac\Demo.Mac\Demo.Mac.csproj", "{2CC1BCFB-3389-4844-BF36-ED5366AB8B0F}"
EndProject
Project("{9A19103F-16F7-4668-BE54-9A1E7A4F7556}") = "WebP.Touch-net6", "WebP.Touch-net6\WebP.Touch-net6.csproj", "{A0540160-7737-42F0-AB4E-E6B6DE27A5FE}"
EndProject
Project("{9A19103F-16F7-4668-BE54-9A1E7A4F7556}") = "WebP.Mac-net6", "..\WebP.Mac\WebP.Mac-net6\WebP.Mac-net6.csproj", "{F65E44CD-1B6E-4818-98BD-EAC592CE2E09}"
EndProject
Project("{FAE04EC0-301F-11D3-BF4B-00C04F79EFBC}") = "Demo.Net6", "Demo.Net6\Demo.Net6.csproj", "{5CD6E555-B8EE-4C87-905C-94C0F59DB648}"
EndProject
Project("{FAE04EC0-301F-11D3-BF4B-00C04F79EFBC}") = "Demo.Net6.Mac", "..\WebP.Mac\Demo.Net6.Mac\Demo.Net6.Mac.csproj", "{C973C535-1FC0-4BD2-9286-A98793946273}"
EndProject
Global
	GlobalSection(SolutionConfigurationPlatforms) = preSolution
		Ad-Hoc|Any CPU = Ad-Hoc|Any CPU
		Ad-Hoc|iPhone = Ad-Hoc|iPhone
		Ad-Hoc|iPhoneSimulator = Ad-Hoc|iPhoneSimulator
		AppStore|Any CPU = AppStore|Any CPU
		AppStore|iPhone = AppStore|iPhone
		AppStore|iPhoneSimulator = AppStore|iPhoneSimulator
		Debug|Any CPU = Debug|Any CPU
		Debug|iPhone = Debug|iPhone
		Debug|iPhoneSimulator = Debug|iPhoneSimulator
		Release|Any CPU = Release|Any CPU
		Release|iPhone = Release|iPhone
		Release|iPhoneSimulator = Release|iPhoneSimulator
	EndGlobalSection
	GlobalSection(ProjectConfigurationPlatforms) = postSolution
		{E8CFC707-7A4D-4C0E-9B33-19C1FCF3F773}.Ad-Hoc|Any CPU.ActiveCfg = Release|Any CPU
		{E8CFC707-7A4D-4C0E-9B33-19C1FCF3F773}.Ad-Hoc|Any CPU.Build.0 = Release|Any CPU
		{E8CFC707-7A4D-4C0E-9B33-19C1FCF3F773}.Ad-Hoc|iPhone.ActiveCfg = Debug|Any CPU
		{E8CFC707-7A4D-4C0E-9B33-19C1FCF3F773}.Ad-Hoc|iPhone.Build.0 = Debug|Any CPU
		{E8CFC707-7A4D-4C0E-9B33-19C1FCF3F773}.Ad-Hoc|iPhoneSimulator.ActiveCfg = Release|Any CPU
		{E8CFC707-7A4D-4C0E-9B33-19C1FCF3F773}.Ad-Hoc|iPhoneSimulator.Build.0 = Release|Any CPU
		{E8CFC707-7A4D-4C0E-9B33-19C1FCF3F773}.AppStore|Any CPU.ActiveCfg = Release|Any CPU
		{E8CFC707-7A4D-4C0E-9B33-19C1FCF3F773}.AppStore|Any CPU.Build.0 = Release|Any CPU
		{E8CFC707-7A4D-4C0E-9B33-19C1FCF3F773}.AppStore|iPhone.ActiveCfg = Debug|Any CPU
		{E8CFC707-7A4D-4C0E-9B33-19C1FCF3F773}.AppStore|iPhone.Build.0 = Debug|Any CPU
		{E8CFC707-7A4D-4C0E-9B33-19C1FCF3F773}.AppStore|iPhoneSimulator.ActiveCfg = Release|Any CPU
		{E8CFC707-7A4D-4C0E-9B33-19C1FCF3F773}.AppStore|iPhoneSimulator.Build.0 = Release|Any CPU
		{E8CFC707-7A4D-4C0E-9B33-19C1FCF3F773}.Debug|Any CPU.ActiveCfg = Debug|Any CPU
		{E8CFC707-7A4D-4C0E-9B33-19C1FCF3F773}.Debug|Any CPU.Build.0 = Debug|Any CPU
		{E8CFC707-7A4D-4C0E-9B33-19C1FCF3F773}.Debug|iPhone.ActiveCfg = Debug|Any CPU
		{E8CFC707-7A4D-4C0E-9B33-19C1FCF3F773}.Debug|iPhone.Build.0 = Debug|Any CPU
		{E8CFC707-7A4D-4C0E-9B33-19C1FCF3F773}.Debug|iPhoneSimulator.ActiveCfg = Debug|Any CPU
		{E8CFC707-7A4D-4C0E-9B33-19C1FCF3F773}.Debug|iPhoneSimulator.Build.0 = Debug|Any CPU
		{E8CFC707-7A4D-4C0E-9B33-19C1FCF3F773}.Release|Any CPU.ActiveCfg = Release|Any CPU
		{E8CFC707-7A4D-4C0E-9B33-19C1FCF3F773}.Release|Any CPU.Build.0 = Release|Any CPU
		{E8CFC707-7A4D-4C0E-9B33-19C1FCF3F773}.Release|iPhone.ActiveCfg = Release|Any CPU
		{E8CFC707-7A4D-4C0E-9B33-19C1FCF3F773}.Release|iPhone.Build.0 = Release|Any CPU
		{E8CFC707-7A4D-4C0E-9B33-19C1FCF3F773}.Release|iPhoneSimulator.ActiveCfg = Release|Any CPU
		{E8CFC707-7A4D-4C0E-9B33-19C1FCF3F773}.Release|iPhoneSimulator.Build.0 = Release|Any CPU
		{46277AF2-499E-4F14-9831-FBBFFA2B513C}.Ad-Hoc|Any CPU.ActiveCfg = Ad-Hoc|iPhoneSimulator
		{46277AF2-499E-4F14-9831-FBBFFA2B513C}.Ad-Hoc|Any CPU.Build.0 = Ad-Hoc|iPhoneSimulator
		{46277AF2-499E-4F14-9831-FBBFFA2B513C}.Ad-Hoc|iPhone.ActiveCfg = Ad-Hoc|iPhone
		{46277AF2-499E-4F14-9831-FBBFFA2B513C}.Ad-Hoc|iPhone.Build.0 = Ad-Hoc|iPhone
		{46277AF2-499E-4F14-9831-FBBFFA2B513C}.Ad-Hoc|iPhoneSimulator.ActiveCfg = Ad-Hoc|iPhoneSimulator
		{46277AF2-499E-4F14-9831-FBBFFA2B513C}.Ad-Hoc|iPhoneSimulator.Build.0 = Ad-Hoc|iPhoneSimulator
		{46277AF2-499E-4F14-9831-FBBFFA2B513C}.AppStore|Any CPU.ActiveCfg = AppStore|iPhoneSimulator
		{46277AF2-499E-4F14-9831-FBBFFA2B513C}.AppStore|Any CPU.Build.0 = AppStore|iPhoneSimulator
		{46277AF2-499E-4F14-9831-FBBFFA2B513C}.AppStore|iPhone.ActiveCfg = AppStore|iPhone
		{46277AF2-499E-4F14-9831-FBBFFA2B513C}.AppStore|iPhone.Build.0 = AppStore|iPhone
		{46277AF2-499E-4F14-9831-FBBFFA2B513C}.AppStore|iPhoneSimulator.ActiveCfg = AppStore|iPhoneSimulator
		{46277AF2-499E-4F14-9831-FBBFFA2B513C}.AppStore|iPhoneSimulator.Build.0 = AppStore|iPhoneSimulator
		{46277AF2-499E-4F14-9831-FBBFFA2B513C}.Debug|Any CPU.ActiveCfg = Debug|iPhoneSimulator
		{46277AF2-499E-4F14-9831-FBBFFA2B513C}.Debug|Any CPU.Build.0 = Debug|iPhoneSimulator
		{46277AF2-499E-4F14-9831-FBBFFA2B513C}.Debug|iPhone.ActiveCfg = Debug|iPhone
		{46277AF2-499E-4F14-9831-FBBFFA2B513C}.Debug|iPhone.Build.0 = Debug|iPhone
		{46277AF2-499E-4F14-9831-FBBFFA2B513C}.Debug|iPhoneSimulator.ActiveCfg = Debug|iPhoneSimulator
		{46277AF2-499E-4F14-9831-FBBFFA2B513C}.Debug|iPhoneSimulator.Build.0 = Debug|iPhoneSimulator
		{46277AF2-499E-4F14-9831-FBBFFA2B513C}.Release|Any CPU.ActiveCfg = Release|iPhoneSimulator
		{46277AF2-499E-4F14-9831-FBBFFA2B513C}.Release|Any CPU.Build.0 = Release|iPhoneSimulator
		{46277AF2-499E-4F14-9831-FBBFFA2B513C}.Release|iPhone.ActiveCfg = Release|iPhone
		{46277AF2-499E-4F14-9831-FBBFFA2B513C}.Release|iPhone.Build.0 = Release|iPhone
		{46277AF2-499E-4F14-9831-FBBFFA2B513C}.Release|iPhoneSimulator.ActiveCfg = Release|iPhoneSimulator
		{46277AF2-499E-4F14-9831-FBBFFA2B513C}.Release|iPhoneSimulator.Build.0 = Release|iPhoneSimulator
		{F014F861-B368-40C3-B97E-D54FC8F4A2BB}.Ad-Hoc|Any CPU.ActiveCfg = Debug|Any CPU
		{F014F861-B368-40C3-B97E-D54FC8F4A2BB}.Ad-Hoc|Any CPU.Build.0 = Debug|Any CPU
		{F014F861-B368-40C3-B97E-D54FC8F4A2BB}.Ad-Hoc|iPhone.ActiveCfg = Release|Any CPU
		{F014F861-B368-40C3-B97E-D54FC8F4A2BB}.Ad-Hoc|iPhone.Build.0 = Release|Any CPU
		{F014F861-B368-40C3-B97E-D54FC8F4A2BB}.Ad-Hoc|iPhoneSimulator.ActiveCfg = Debug|Any CPU
		{F014F861-B368-40C3-B97E-D54FC8F4A2BB}.Ad-Hoc|iPhoneSimulator.Build.0 = Debug|Any CPU
		{F014F861-B368-40C3-B97E-D54FC8F4A2BB}.AppStore|Any CPU.ActiveCfg = Debug|Any CPU
		{F014F861-B368-40C3-B97E-D54FC8F4A2BB}.AppStore|Any CPU.Build.0 = Debug|Any CPU
		{F014F861-B368-40C3-B97E-D54FC8F4A2BB}.AppStore|iPhone.ActiveCfg = Release|Any CPU
		{F014F861-B368-40C3-B97E-D54FC8F4A2BB}.AppStore|iPhone.Build.0 = Release|Any CPU
		{F014F861-B368-40C3-B97E-D54FC8F4A2BB}.AppStore|iPhoneSimulator.ActiveCfg = Debug|Any CPU
		{F014F861-B368-40C3-B97E-D54FC8F4A2BB}.AppStore|iPhoneSimulator.Build.0 = Debug|Any CPU
		{F014F861-B368-40C3-B97E-D54FC8F4A2BB}.Debug|Any CPU.ActiveCfg = Debug|Any CPU
		{F014F861-B368-40C3-B97E-D54FC8F4A2BB}.Debug|Any CPU.Build.0 = Debug|Any CPU
		{F014F861-B368-40C3-B97E-D54FC8F4A2BB}.Debug|iPhone.ActiveCfg = Debug|Any CPU
		{F014F861-B368-40C3-B97E-D54FC8F4A2BB}.Debug|iPhone.Build.0 = Debug|Any CPU
		{F014F861-B368-40C3-B97E-D54FC8F4A2BB}.Debug|iPhoneSimulator.ActiveCfg = Debug|Any CPU
		{F014F861-B368-40C3-B97E-D54FC8F4A2BB}.Debug|iPhoneSimulator.Build.0 = Debug|Any CPU
		{F014F861-B368-40C3-B97E-D54FC8F4A2BB}.Release|Any CPU.ActiveCfg = Release|Any CPU
		{F014F861-B368-40C3-B97E-D54FC8F4A2BB}.Release|Any CPU.Build.0 = Release|Any CPU
		{F014F861-B368-40C3-B97E-D54FC8F4A2BB}.Release|iPhone.ActiveCfg = Release|Any CPU
		{F014F861-B368-40C3-B97E-D54FC8F4A2BB}.Release|iPhone.Build.0 = Release|Any CPU
		{F014F861-B368-40C3-B97E-D54FC8F4A2BB}.Release|iPhoneSimulator.ActiveCfg = Release|Any CPU
		{F014F861-B368-40C3-B97E-D54FC8F4A2BB}.Release|iPhoneSimulator.Build.0 = Release|Any CPU
		{2CC1BCFB-3389-4844-BF36-ED5366AB8B0F}.Ad-Hoc|Any CPU.ActiveCfg = Debug|Any CPU
		{2CC1BCFB-3389-4844-BF36-ED5366AB8B0F}.Ad-Hoc|Any CPU.Build.0 = Debug|Any CPU
		{2CC1BCFB-3389-4844-BF36-ED5366AB8B0F}.Ad-Hoc|iPhone.ActiveCfg = Release|Any CPU
		{2CC1BCFB-3389-4844-BF36-ED5366AB8B0F}.Ad-Hoc|iPhone.Build.0 = Release|Any CPU
		{2CC1BCFB-3389-4844-BF36-ED5366AB8B0F}.Ad-Hoc|iPhoneSimulator.ActiveCfg = Debug|Any CPU
		{2CC1BCFB-3389-4844-BF36-ED5366AB8B0F}.Ad-Hoc|iPhoneSimulator.Build.0 = Debug|Any CPU
		{2CC1BCFB-3389-4844-BF36-ED5366AB8B0F}.AppStore|Any CPU.ActiveCfg = Debug|Any CPU
		{2CC1BCFB-3389-4844-BF36-ED5366AB8B0F}.AppStore|Any CPU.Build.0 = Debug|Any CPU
		{2CC1BCFB-3389-4844-BF36-ED5366AB8B0F}.AppStore|iPhone.ActiveCfg = Release|Any CPU
		{2CC1BCFB-3389-4844-BF36-ED5366AB8B0F}.AppStore|iPhone.Build.0 = Release|Any CPU
		{2CC1BCFB-3389-4844-BF36-ED5366AB8B0F}.AppStore|iPhoneSimulator.ActiveCfg = Debug|Any CPU
		{2CC1BCFB-3389-4844-BF36-ED5366AB8B0F}.AppStore|iPhoneSimulator.Build.0 = Debug|Any CPU
		{2CC1BCFB-3389-4844-BF36-ED5366AB8B0F}.Debug|Any CPU.ActiveCfg = Debug|Any CPU
		{2CC1BCFB-3389-4844-BF36-ED5366AB8B0F}.Debug|Any CPU.Build.0 = Debug|Any CPU
		{2CC1BCFB-3389-4844-BF36-ED5366AB8B0F}.Debug|iPhone.ActiveCfg = Debug|Any CPU
		{2CC1BCFB-3389-4844-BF36-ED5366AB8B0F}.Debug|iPhone.Build.0 = Debug|Any CPU
		{2CC1BCFB-3389-4844-BF36-ED5366AB8B0F}.Debug|iPhoneSimulator.ActiveCfg = Debug|Any CPU
		{2CC1BCFB-3389-4844-BF36-ED5366AB8B0F}.Debug|iPhoneSimulator.Build.0 = Debug|Any CPU
		{2CC1BCFB-3389-4844-BF36-ED5366AB8B0F}.Release|Any CPU.ActiveCfg = Release|Any CPU
		{2CC1BCFB-3389-4844-BF36-ED5366AB8B0F}.Release|Any CPU.Build.0 = Release|Any CPU
		{2CC1BCFB-3389-4844-BF36-ED5366AB8B0F}.Release|iPhone.ActiveCfg = Release|Any CPU
		{2CC1BCFB-3389-4844-BF36-ED5366AB8B0F}.Release|iPhone.Build.0 = Release|Any CPU
		{2CC1BCFB-3389-4844-BF36-ED5366AB8B0F}.Release|iPhoneSimulator.ActiveCfg = Release|Any CPU
		{2CC1BCFB-3389-4844-BF36-ED5366AB8B0F}.Release|iPhoneSimulator.Build.0 = Release|Any CPU
		{A0540160-7737-42F0-AB4E-E6B6DE27A5FE}.Ad-Hoc|Any CPU.ActiveCfg = Debug|Any CPU
		{A0540160-7737-42F0-AB4E-E6B6DE27A5FE}.Ad-Hoc|Any CPU.Build.0 = Debug|Any CPU
		{A0540160-7737-42F0-AB4E-E6B6DE27A5FE}.Ad-Hoc|iPhone.ActiveCfg = Debug|Any CPU
		{A0540160-7737-42F0-AB4E-E6B6DE27A5FE}.Ad-Hoc|iPhone.Build.0 = Debug|Any CPU
		{A0540160-7737-42F0-AB4E-E6B6DE27A5FE}.Ad-Hoc|iPhoneSimulator.ActiveCfg = Debug|Any CPU
		{A0540160-7737-42F0-AB4E-E6B6DE27A5FE}.Ad-Hoc|iPhoneSimulator.Build.0 = Debug|Any CPU
		{A0540160-7737-42F0-AB4E-E6B6DE27A5FE}.AppStore|Any CPU.ActiveCfg = Debug|Any CPU
		{A0540160-7737-42F0-AB4E-E6B6DE27A5FE}.AppStore|Any CPU.Build.0 = Debug|Any CPU
		{A0540160-7737-42F0-AB4E-E6B6DE27A5FE}.AppStore|iPhone.ActiveCfg = Debug|Any CPU
		{A0540160-7737-42F0-AB4E-E6B6DE27A5FE}.AppStore|iPhone.Build.0 = Debug|Any CPU
		{A0540160-7737-42F0-AB4E-E6B6DE27A5FE}.AppStore|iPhoneSimulator.ActiveCfg = Debug|Any CPU
		{A0540160-7737-42F0-AB4E-E6B6DE27A5FE}.AppStore|iPhoneSimulator.Build.0 = Debug|Any CPU
		{A0540160-7737-42F0-AB4E-E6B6DE27A5FE}.Debug|Any CPU.ActiveCfg = Debug|Any CPU
		{A0540160-7737-42F0-AB4E-E6B6DE27A5FE}.Debug|Any CPU.Build.0 = Debug|Any CPU
		{A0540160-7737-42F0-AB4E-E6B6DE27A5FE}.Debug|iPhone.ActiveCfg = Debug|Any CPU
		{A0540160-7737-42F0-AB4E-E6B6DE27A5FE}.Debug|iPhone.Build.0 = Debug|Any CPU
		{A0540160-7737-42F0-AB4E-E6B6DE27A5FE}.Debug|iPhoneSimulator.ActiveCfg = Debug|Any CPU
		{A0540160-7737-42F0-AB4E-E6B6DE27A5FE}.Debug|iPhoneSimulator.Build.0 = Debug|Any CPU
		{A0540160-7737-42F0-AB4E-E6B6DE27A5FE}.Release|Any CPU.ActiveCfg = Release|Any CPU
		{A0540160-7737-42F0-AB4E-E6B6DE27A5FE}.Release|Any CPU.Build.0 = Release|Any CPU
		{A0540160-7737-42F0-AB4E-E6B6DE27A5FE}.Release|iPhone.ActiveCfg = Release|Any CPU
		{A0540160-7737-42F0-AB4E-E6B6DE27A5FE}.Release|iPhone.Build.0 = Release|Any CPU
		{A0540160-7737-42F0-AB4E-E6B6DE27A5FE}.Release|iPhoneSimulator.ActiveCfg = Release|Any CPU
		{A0540160-7737-42F0-AB4E-E6B6DE27A5FE}.Release|iPhoneSimulator.Build.0 = Release|Any CPU
		{F65E44CD-1B6E-4818-98BD-EAC592CE2E09}.Ad-Hoc|Any CPU.ActiveCfg = Debug|Any CPU
		{F65E44CD-1B6E-4818-98BD-EAC592CE2E09}.Ad-Hoc|Any CPU.Build.0 = Debug|Any CPU
		{F65E44CD-1B6E-4818-98BD-EAC592CE2E09}.Ad-Hoc|iPhone.ActiveCfg = Debug|Any CPU
		{F65E44CD-1B6E-4818-98BD-EAC592CE2E09}.Ad-Hoc|iPhone.Build.0 = Debug|Any CPU
		{F65E44CD-1B6E-4818-98BD-EAC592CE2E09}.Ad-Hoc|iPhoneSimulator.ActiveCfg = Debug|Any CPU
		{F65E44CD-1B6E-4818-98BD-EAC592CE2E09}.Ad-Hoc|iPhoneSimulator.Build.0 = Debug|Any CPU
		{F65E44CD-1B6E-4818-98BD-EAC592CE2E09}.AppStore|Any CPU.ActiveCfg = Debug|Any CPU
		{F65E44CD-1B6E-4818-98BD-EAC592CE2E09}.AppStore|Any CPU.Build.0 = Debug|Any CPU
		{F65E44CD-1B6E-4818-98BD-EAC592CE2E09}.AppStore|iPhone.ActiveCfg = Debug|Any CPU
		{F65E44CD-1B6E-4818-98BD-EAC592CE2E09}.AppStore|iPhone.Build.0 = Debug|Any CPU
		{F65E44CD-1B6E-4818-98BD-EAC592CE2E09}.AppStore|iPhoneSimulator.ActiveCfg = Debug|Any CPU
		{F65E44CD-1B6E-4818-98BD-EAC592CE2E09}.AppStore|iPhoneSimulator.Build.0 = Debug|Any CPU
		{F65E44CD-1B6E-4818-98BD-EAC592CE2E09}.Debug|Any CPU.ActiveCfg = Debug|Any CPU
		{F65E44CD-1B6E-4818-98BD-EAC592CE2E09}.Debug|Any CPU.Build.0 = Debug|Any CPU
		{F65E44CD-1B6E-4818-98BD-EAC592CE2E09}.Debug|iPhone.ActiveCfg = Debug|Any CPU
		{F65E44CD-1B6E-4818-98BD-EAC592CE2E09}.Debug|iPhone.Build.0 = Debug|Any CPU
		{F65E44CD-1B6E-4818-98BD-EAC592CE2E09}.Debug|iPhoneSimulator.ActiveCfg = Debug|Any CPU
		{F65E44CD-1B6E-4818-98BD-EAC592CE2E09}.Debug|iPhoneSimulator.Build.0 = Debug|Any CPU
		{F65E44CD-1B6E-4818-98BD-EAC592CE2E09}.Release|Any CPU.ActiveCfg = Release|Any CPU
		{F65E44CD-1B6E-4818-98BD-EAC592CE2E09}.Release|Any CPU.Build.0 = Release|Any CPU
		{F65E44CD-1B6E-4818-98BD-EAC592CE2E09}.Release|iPhone.ActiveCfg = Release|Any CPU
		{F65E44CD-1B6E-4818-98BD-EAC592CE2E09}.Release|iPhone.Build.0 = Release|Any CPU
		{F65E44CD-1B6E-4818-98BD-EAC592CE2E09}.Release|iPhoneSimulator.ActiveCfg = Release|Any CPU
		{F65E44CD-1B6E-4818-98BD-EAC592CE2E09}.Release|iPhoneSimulator.Build.0 = Release|Any CPU
		{5CD6E555-B8EE-4C87-905C-94C0F59DB648}.Ad-Hoc|Any CPU.ActiveCfg = Release|Any CPU
		{5CD6E555-B8EE-4C87-905C-94C0F59DB648}.Ad-Hoc|Any CPU.Build.0 = Release|Any CPU
		{5CD6E555-B8EE-4C87-905C-94C0F59DB648}.Ad-Hoc|iPhone.ActiveCfg = Release|Any CPU
		{5CD6E555-B8EE-4C87-905C-94C0F59DB648}.Ad-Hoc|iPhone.Build.0 = Release|Any CPU
		{5CD6E555-B8EE-4C87-905C-94C0F59DB648}.Ad-Hoc|iPhoneSimulator.ActiveCfg = Release|Any CPU
		{5CD6E555-B8EE-4C87-905C-94C0F59DB648}.Ad-Hoc|iPhoneSimulator.Build.0 = Release|Any CPU
		{5CD6E555-B8EE-4C87-905C-94C0F59DB648}.AppStore|Any CPU.ActiveCfg = Release|Any CPU
		{5CD6E555-B8EE-4C87-905C-94C0F59DB648}.AppStore|Any CPU.Build.0 = Release|Any CPU
		{5CD6E555-B8EE-4C87-905C-94C0F59DB648}.AppStore|iPhone.ActiveCfg = Release|Any CPU
		{5CD6E555-B8EE-4C87-905C-94C0F59DB648}.AppStore|iPhone.Build.0 = Release|Any CPU
		{5CD6E555-B8EE-4C87-905C-94C0F59DB648}.AppStore|iPhoneSimulator.ActiveCfg = Release|Any CPU
		{5CD6E555-B8EE-4C87-905C-94C0F59DB648}.AppStore|iPhoneSimulator.Build.0 = Release|Any CPU
		{5CD6E555-B8EE-4C87-905C-94C0F59DB648}.Debug|Any CPU.ActiveCfg = Debug|Any CPU
		{5CD6E555-B8EE-4C87-905C-94C0F59DB648}.Debug|Any CPU.Build.0 = Debug|Any CPU
		{5CD6E555-B8EE-4C87-905C-94C0F59DB648}.Debug|iPhone.ActiveCfg = Debug|Any CPU
		{5CD6E555-B8EE-4C87-905C-94C0F59DB648}.Debug|iPhone.Build.0 = Debug|Any CPU
		{5CD6E555-B8EE-4C87-905C-94C0F59DB648}.Debug|iPhoneSimulator.ActiveCfg = Debug|Any CPU
		{5CD6E555-B8EE-4C87-905C-94C0F59DB648}.Debug|iPhoneSimulator.Build.0 = Debug|Any CPU
		{5CD6E555-B8EE-4C87-905C-94C0F59DB648}.Release|Any CPU.ActiveCfg = Release|Any CPU
		{5CD6E555-B8EE-4C87-905C-94C0F59DB648}.Release|Any CPU.Build.0 = Release|Any CPU
		{5CD6E555-B8EE-4C87-905C-94C0F59DB648}.Release|iPhone.ActiveCfg = Release|Any CPU
		{5CD6E555-B8EE-4C87-905C-94C0F59DB648}.Release|iPhone.Build.0 = Release|Any CPU
		{5CD6E555-B8EE-4C87-905C-94C0F59DB648}.Release|iPhoneSimulator.ActiveCfg = Release|Any CPU
		{5CD6E555-B8EE-4C87-905C-94C0F59DB648}.Release|iPhoneSimulator.Build.0 = Release|Any CPU
		{C973C535-1FC0-4BD2-9286-A98793946273}.Ad-Hoc|Any CPU.ActiveCfg = Release|Any CPU
		{C973C535-1FC0-4BD2-9286-A98793946273}.Ad-Hoc|Any CPU.Build.0 = Release|Any CPU
		{C973C535-1FC0-4BD2-9286-A98793946273}.Ad-Hoc|iPhone.ActiveCfg = Release|Any CPU
		{C973C535-1FC0-4BD2-9286-A98793946273}.Ad-Hoc|iPhone.Build.0 = Release|Any CPU
		{C973C535-1FC0-4BD2-9286-A98793946273}.Ad-Hoc|iPhoneSimulator.ActiveCfg = Release|Any CPU
		{C973C535-1FC0-4BD2-9286-A98793946273}.Ad-Hoc|iPhoneSimulator.Build.0 = Release|Any CPU
		{C973C535-1FC0-4BD2-9286-A98793946273}.AppStore|Any CPU.ActiveCfg = Release|Any CPU
		{C973C535-1FC0-4BD2-9286-A98793946273}.AppStore|Any CPU.Build.0 = Release|Any CPU
		{C973C535-1FC0-4BD2-9286-A98793946273}.AppStore|iPhone.ActiveCfg = Release|Any CPU
		{C973C535-1FC0-4BD2-9286-A98793946273}.AppStore|iPhone.Build.0 = Release|Any CPU
		{C973C535-1FC0-4BD2-9286-A98793946273}.AppStore|iPhoneSimulator.ActiveCfg = Release|Any CPU
		{C973C535-1FC0-4BD2-9286-A98793946273}.AppStore|iPhoneSimulator.Build.0 = Release|Any CPU
		{C973C535-1FC0-4BD2-9286-A98793946273}.Debug|Any CPU.ActiveCfg = Debug|Any CPU
		{C973C535-1FC0-4BD2-9286-A98793946273}.Debug|Any CPU.Build.0 = Debug|Any CPU
		{C973C535-1FC0-4BD2-9286-A98793946273}.Debug|iPhone.ActiveCfg = Debug|Any CPU
		{C973C535-1FC0-4BD2-9286-A98793946273}.Debug|iPhone.Build.0 = Debug|Any CPU
		{C973C535-1FC0-4BD2-9286-A98793946273}.Debug|iPhoneSimulator.ActiveCfg = Debug|Any CPU
		{C973C535-1FC0-4BD2-9286-A98793946273}.Debug|iPhoneSimulator.Build.0 = Debug|Any CPU
		{C973C535-1FC0-4BD2-9286-A98793946273}.Release|Any CPU.ActiveCfg = Release|Any CPU
		{C973C535-1FC0-4BD2-9286-A98793946273}.Release|Any CPU.Build.0 = Release|Any CPU
		{C973C535-1FC0-4BD2-9286-A98793946273}.Release|iPhone.ActiveCfg = Release|Any CPU
		{C973C535-1FC0-4BD2-9286-A98793946273}.Release|iPhone.Build.0 = Release|Any CPU
		{C973C535-1FC0-4BD2-9286-A98793946273}.Release|iPhoneSimulator.ActiveCfg = Release|Any CPU
		{C973C535-1FC0-4BD2-9286-A98793946273}.Release|iPhoneSimulator.Build.0 = Release|Any CPU
	EndGlobalSection
	GlobalSection(SolutionProperties) = preSolution
		HideSolutionNode = FALSE
	EndGlobalSection
	GlobalSection(ExtensibilityGlobals) = postSolution
		SolutionGuid = {DF6FA67D-EB58-4EA8-B9C5-F48B692A4751}
	EndGlobalSection
EndGlobal
